# This file is autogenerated, do not edit; changes may be undone by the next 'dep ensure'.


[[projects]]
  name = "github.com/adshao/go-binance"
  packages = ["."]
  revision = "573065ec71e06d5f510d79ef859d387ecfbaa7c3"
  version = "1.1.1"

[[projects]]
  name = "github.com/barthr/set"
  packages = ["."]
  revision = "708d80f4a27458f99f8ca12bd0e638c6ee65627f"
  version = "v1.0.0"

[[projects]]
  name = "github.com/bitly/go-simplejson"
  packages = ["."]
  revision = "aabad6e819789e569bd6aabf444c935aa9ba1e44"
  version = "v0.5.0"

[[projects]]
  name = "github.com/davecgh/go-spew"
  packages = ["spew"]
  revision = "346938d642f2ec3594ed81d874461961cd0faa76"
  version = "v1.1.0"

[[projects]]
  name = "github.com/gorilla/websocket"
  packages = ["."]
  revision = "ea4d1f681babbce9545c9c5f3d5194a789c89f5b"
  version = "v1.2.0"

[[projects]]
  name = "github.com/pkg/errors"
  packages = ["."]
  revision = "645ef00459ed84a119197bfb8d8205042c6df63d"
  version = "v0.8.0"

[[projects]]
  name = "github.com/pmezard/go-difflib"
  packages = ["difflib"]
  revision = "792786c7400a136282c1664665ae0a8db921c6c2"
  version = "v1.0.0"

[[projects]]
  name = "github.com/stretchr/testify"
  packages = ["assert"]
  revision = "12b6f73e6084dad08a7c6e575284b177ecafbc71"
  version = "v1.2.1"

[[projects]]
  branch = "master"
  name = "go.uber.org/ratelimit"
  packages = [
    ".",
    "internal/clock"
  ]
  revision = "c15da02342779cb6dc027fc95ee2277787698f36"

[solve-meta]
  analyzer-name = "dep"
  analyzer-version = 1
  inputs-digest = "c3a91791a2bc82a3319c6e0f97e3603ec0f5ce5f624e6136fd7e17e530f3ce5d"
  solver-name = "gps-cdcl"
  solver-version = 1
